
Microsoft Visual Studio Solution File, Format Version 12.00
# Visual Studio Version 16
VisualStudioVersion = 16.0.31112.23
MinimumVisualStudioVersion = 10.0.40219.1
Project("{FAE04EC0-301F-11D3-BF4B-00C04F79EFBC}") = "WebCoreApp", "WebCoreApp\WebCoreApp.csproj", "{F99C6806-598C-46DE-85D2-1D5D7D55C08C}"
EndProject
Global
	GlobalSection(SolutionConfigurationPlatforms) = preSolution
		Debug|Any CPU = Debug|Any CPU
		Release|Any CPU = Release|Any CPU
	EndGlobalSection
	GlobalSection(ProjectConfigurationPlatforms) = postSolution
		{F99C6806-598C-46DE-85D2-1D5D7D55C08C}.Debug|Any CPU.ActiveCfg = Debug|Any CPU
		{F99C6806-598C-46DE-85D2-1D5D7D55C08C}.Debug|Any CPU.Build.0 = Debug|Any CPU
		{F99C6806-598C-46DE-85D2-1D5D7D55C08C}.Release|Any CPU.ActiveCfg = Release|Any CPU
		{F99C6806-598C-46DE-85D2-1D5D7D55C08C}.Release|Any CPU.Build.0 = Release|Any CPU
	EndGlobalSection
	GlobalSection(SolutionProperties) = preSolution
		HideSolutionNode = FALSE
	EndGlobalSection
	GlobalSection(ExtensibilityGlobals) = postSolution
		SolutionGuid = {3D07821F-38BD-4E57-8142-29621AB5CF2E}
	EndGlobalSection
EndGlobal
