
Microsoft Visual Studio Solution File, Format Version 12.00
# Visual Studio Version 16
VisualStudioVersion = 16.0.31112.23
MinimumVisualStudioVersion = 10.0.40219.1
Project("{9A19103F-16F7-4668-BE54-9A1E7A4F7556}") = "WebCoreApp.Application", "WebCoreApp.Application\WebCoreApp.Application.csproj", "{DCBD720F-5A36-4922-B938-04FEC763F17A}"
EndProject
Project("{9A19103F-16F7-4668-BE54-9A1E7A4F7556}") = "WebCoreApp.Data", "WebCoreApp.Data\WebCoreApp.Data.csproj", "{F90C1A9D-A56A-4148-BF10-EE6DE5D5D91D}"
EndProject
Project("{9A19103F-16F7-4668-BE54-9A1E7A4F7556}") = "WebCoreApp.Data.EF", "WebCoreApp.Data.EF\WebCoreApp.Data.EF.csproj", "{F874B56B-4F12-4365-B99F-C6AE826803D7}"
EndProject
Project("{9A19103F-16F7-4668-BE54-9A1E7A4F7556}") = "WebCoreApp.Infrastucture", "WebCoreApp.Infrastucture\WebCoreApp.Infrastucture.csproj", "{6CB834E3-984D-403B-8463-F9EF028BFE89}"
EndProject
Project("{9A19103F-16F7-4668-BE54-9A1E7A4F7556}") = "WebCoreApp.Utilities", "WebCoreApp.Utilities\WebCoreApp.Utilities.csproj", "{58FDA2D0-398D-4F99-B06D-260C2B4BB89A}"
EndProject
Project("{2150E333-8FDC-42A3-9474-1A3956D46DE8}") = "1.Presentation", "1.Presentation", "{C3B0881C-161A-4BA9-9E3E-3710DDC0F56B}"
EndProject
Project("{2150E333-8FDC-42A3-9474-1A3956D46DE8}") = "2.Application", "2.Application", "{3A0CF0AE-9F05-4136-8530-36ED493E4507}"
EndProject
Project("{2150E333-8FDC-42A3-9474-1A3956D46DE8}") = "3.Domain", "3.Domain", "{1E31DB0C-D7CD-436A-98C1-71B7DEFE9AFC}"
EndProject
Project("{2150E333-8FDC-42A3-9474-1A3956D46DE8}") = "4.Infrastructure", "4.Infrastructure", "{3D2EBB16-3F40-44F9-9EF0-A134729B7F7A}"
EndProject
Project("{9A19103F-16F7-4668-BE54-9A1E7A4F7556}") = "WebCoreApp", "WebCoreApp\WebCoreApp.csproj", "{6E9C4CF0-F048-4D20-992B-7A8FA6D85F8D}"
EndProject
Global
	GlobalSection(SolutionConfigurationPlatforms) = preSolution
		Debug|Any CPU = Debug|Any CPU
		Release|Any CPU = Release|Any CPU
	EndGlobalSection
	GlobalSection(ProjectConfigurationPlatforms) = postSolution
		{DCBD720F-5A36-4922-B938-04FEC763F17A}.Debug|Any CPU.ActiveCfg = Debug|Any CPU
		{DCBD720F-5A36-4922-B938-04FEC763F17A}.Debug|Any CPU.Build.0 = Debug|Any CPU
		{DCBD720F-5A36-4922-B938-04FEC763F17A}.Release|Any CPU.ActiveCfg = Release|Any CPU
		{DCBD720F-5A36-4922-B938-04FEC763F17A}.Release|Any CPU.Build.0 = Release|Any CPU
		{F90C1A9D-A56A-4148-BF10-EE6DE5D5D91D}.Debug|Any CPU.ActiveCfg = Debug|Any CPU
		{F90C1A9D-A56A-4148-BF10-EE6DE5D5D91D}.Debug|Any CPU.Build.0 = Debug|Any CPU
		{F90C1A9D-A56A-4148-BF10-EE6DE5D5D91D}.Release|Any CPU.ActiveCfg = Release|Any CPU
		{F90C1A9D-A56A-4148-BF10-EE6DE5D5D91D}.Release|Any CPU.Build.0 = Release|Any CPU
		{F874B56B-4F12-4365-B99F-C6AE826803D7}.Debug|Any CPU.ActiveCfg = Debug|Any CPU
		{F874B56B-4F12-4365-B99F-C6AE826803D7}.Debug|Any CPU.Build.0 = Debug|Any CPU
		{F874B56B-4F12-4365-B99F-C6AE826803D7}.Release|Any CPU.ActiveCfg = Release|Any CPU
		{F874B56B-4F12-4365-B99F-C6AE826803D7}.Release|Any CPU.Build.0 = Release|Any CPU
		{6CB834E3-984D-403B-8463-F9EF028BFE89}.Debug|Any CPU.ActiveCfg = Debug|Any CPU
		{6CB834E3-984D-403B-8463-F9EF028BFE89}.Debug|Any CPU.Build.0 = Debug|Any CPU
		{6CB834E3-984D-403B-8463-F9EF028BFE89}.Release|Any CPU.ActiveCfg = Release|Any CPU
		{6CB834E3-984D-403B-8463-F9EF028BFE89}.Release|Any CPU.Build.0 = Release|Any CPU
		{58FDA2D0-398D-4F99-B06D-260C2B4BB89A}.Debug|Any CPU.ActiveCfg = Debug|Any CPU
		{58FDA2D0-398D-4F99-B06D-260C2B4BB89A}.Debug|Any CPU.Build.0 = Debug|Any CPU
		{58FDA2D0-398D-4F99-B06D-260C2B4BB89A}.Release|Any CPU.ActiveCfg = Release|Any CPU
		{58FDA2D0-398D-4F99-B06D-260C2B4BB89A}.Release|Any CPU.Build.0 = Release|Any CPU
		{6E9C4CF0-F048-4D20-992B-7A8FA6D85F8D}.Debug|Any CPU.ActiveCfg = Debug|Any CPU
		{6E9C4CF0-F048-4D20-992B-7A8FA6D85F8D}.Debug|Any CPU.Build.0 = Debug|Any CPU
		{6E9C4CF0-F048-4D20-992B-7A8FA6D85F8D}.Release|Any CPU.ActiveCfg = Release|Any CPU
		{6E9C4CF0-F048-4D20-992B-7A8FA6D85F8D}.Release|Any CPU.Build.0 = Release|Any CPU
	EndGlobalSection
	GlobalSection(SolutionProperties) = preSolution
		HideSolutionNode = FALSE
	EndGlobalSection
	GlobalSection(NestedProjects) = preSolution
		{DCBD720F-5A36-4922-B938-04FEC763F17A} = {3A0CF0AE-9F05-4136-8530-36ED493E4507}
		{F90C1A9D-A56A-4148-BF10-EE6DE5D5D91D} = {1E31DB0C-D7CD-436A-98C1-71B7DEFE9AFC}
		{F874B56B-4F12-4365-B99F-C6AE826803D7} = {1E31DB0C-D7CD-436A-98C1-71B7DEFE9AFC}
		{6CB834E3-984D-403B-8463-F9EF028BFE89} = {3D2EBB16-3F40-44F9-9EF0-A134729B7F7A}
		{58FDA2D0-398D-4F99-B06D-260C2B4BB89A} = {3D2EBB16-3F40-44F9-9EF0-A134729B7F7A}
		{6E9C4CF0-F048-4D20-992B-7A8FA6D85F8D} = {C3B0881C-161A-4BA9-9E3E-3710DDC0F56B}
	EndGlobalSection
	GlobalSection(ExtensibilityGlobals) = postSolution
		SolutionGuid = {3D07821F-38BD-4E57-8142-29621AB5CF2E}
	EndGlobalSection
EndGlobal
